
Microsoft Visual Studio Solution File, Format Version 12.00
# Visual Studio 15
VisualStudioVersion = 15.0.28307.572
MinimumVisualStudioVersion = 10.0.40219.1
Project("{FAE04EC0-301F-11D3-BF4B-00C04F79EFBC}") = "GivenSpecs.CommandLine", "GivenSpecs.CommandLine\GivenSpecs.CommandLine.csproj", "{C8E5EDF2-9FB1-4450-A544-4116ECA17C47}"
EndProject
Project("{FAE04EC0-301F-11D3-BF4B-00C04F79EFBC}") = "GivenSpecs", "GivenSpecs\GivenSpecs.csproj", "{50A1EC50-5376-41D7-88C3-F115FD039279}"
EndProject
Global
	GlobalSection(SolutionConfigurationPlatforms) = preSolution
		Debug|Any CPU = Debug|Any CPU
		Release|Any CPU = Release|Any CPU
	EndGlobalSection
	GlobalSection(ProjectConfigurationPlatforms) = postSolution
		{C8E5EDF2-9FB1-4450-A544-4116ECA17C47}.Debug|Any CPU.ActiveCfg = Debug|Any CPU
		{C8E5EDF2-9FB1-4450-A544-4116ECA17C47}.Debug|Any CPU.Build.0 = Debug|Any CPU
		{C8E5EDF2-9FB1-4450-A544-4116ECA17C47}.Release|Any CPU.ActiveCfg = Release|Any CPU
		{C8E5EDF2-9FB1-4450-A544-4116ECA17C47}.Release|Any CPU.Build.0 = Release|Any CPU
		{632853EE-DDE0-4B30-B172-7783C910E01D}.Debug|Any CPU.ActiveCfg = Debug|Any CPU
		{632853EE-DDE0-4B30-B172-7783C910E01D}.Debug|Any CPU.Build.0 = Debug|Any CPU
		{632853EE-DDE0-4B30-B172-7783C910E01D}.Release|Any CPU.ActiveCfg = Release|Any CPU
		{632853EE-DDE0-4B30-B172-7783C910E01D}.Release|Any CPU.Build.0 = Release|Any CPU
		{50A1EC50-5376-41D7-88C3-F115FD039279}.Debug|Any CPU.ActiveCfg = Debug|Any CPU
		{50A1EC50-5376-41D7-88C3-F115FD039279}.Debug|Any CPU.Build.0 = Debug|Any CPU
		{50A1EC50-5376-41D7-88C3-F115FD039279}.Release|Any CPU.ActiveCfg = Release|Any CPU
		{50A1EC50-5376-41D7-88C3-F115FD039279}.Release|Any CPU.Build.0 = Release|Any CPU
	EndGlobalSection
	GlobalSection(SolutionProperties) = preSolution
		HideSolutionNode = FALSE
	EndGlobalSection
	GlobalSection(ExtensibilityGlobals) = postSolution
		SolutionGuid = {C63BDD04-F500-43AA-8BBD-05A8E49C5A6F}
	EndGlobalSection
EndGlobal
